
Microsoft Visual Studio Solution File, Format Version 12.00
# Visual Studio Version 16
VisualStudioVersion = 16.0.31729.503
MinimumVisualStudioVersion = 10.0.40219.1
Project("{9A19103F-16F7-4668-BE54-9A1E7A4F7556}") = "BLL", "BLL\BLL.csproj", "{44EE1E53-5783-4C8B-9B72-3F1B51A83BDA}"
EndProject
Project("{9A19103F-16F7-4668-BE54-9A1E7A4F7556}") = "DAL", "DAL\DAL.csproj", "{F8F3BF8F-7839-47FB-AA42-6349572E3547}"
EndProject
Project("{9A19103F-16F7-4668-BE54-9A1E7A4F7556}") = "DTO", "DTO\DTO.csproj", "{0366DDBB-A6C2-44C7-A74D-428B9ACFD89C}"
EndProject
Project("{9A19103F-16F7-4668-BE54-9A1E7A4F7556}") = "WebApp", "WebApp\WebApp.csproj", "{AA210F2A-5A64-41E9-8637-890843C3A2EF}"
EndProject
Global
	GlobalSection(SolutionConfigurationPlatforms) = preSolution
		Debug|Any CPU = Debug|Any CPU
		Release|Any CPU = Release|Any CPU
	EndGlobalSection
	GlobalSection(ProjectConfigurationPlatforms) = postSolution
		{44EE1E53-5783-4C8B-9B72-3F1B51A83BDA}.Debug|Any CPU.ActiveCfg = Debug|Any CPU
		{44EE1E53-5783-4C8B-9B72-3F1B51A83BDA}.Debug|Any CPU.Build.0 = Debug|Any CPU
		{44EE1E53-5783-4C8B-9B72-3F1B51A83BDA}.Release|Any CPU.ActiveCfg = Release|Any CPU
		{44EE1E53-5783-4C8B-9B72-3F1B51A83BDA}.Release|Any CPU.Build.0 = Release|Any CPU
		{F8F3BF8F-7839-47FB-AA42-6349572E3547}.Debug|Any CPU.ActiveCfg = Debug|Any CPU
		{F8F3BF8F-7839-47FB-AA42-6349572E3547}.Debug|Any CPU.Build.0 = Debug|Any CPU
		{F8F3BF8F-7839-47FB-AA42-6349572E3547}.Release|Any CPU.ActiveCfg = Release|Any CPU
		{F8F3BF8F-7839-47FB-AA42-6349572E3547}.Release|Any CPU.Build.0 = Release|Any CPU
		{0366DDBB-A6C2-44C7-A74D-428B9ACFD89C}.Debug|Any CPU.ActiveCfg = Debug|Any CPU
		{0366DDBB-A6C2-44C7-A74D-428B9ACFD89C}.Debug|Any CPU.Build.0 = Debug|Any CPU
		{0366DDBB-A6C2-44C7-A74D-428B9ACFD89C}.Release|Any CPU.ActiveCfg = Release|Any CPU
		{0366DDBB-A6C2-44C7-A74D-428B9ACFD89C}.Release|Any CPU.Build.0 = Release|Any CPU
		{AA210F2A-5A64-41E9-8637-890843C3A2EF}.Debug|Any CPU.ActiveCfg = Debug|Any CPU
		{AA210F2A-5A64-41E9-8637-890843C3A2EF}.Debug|Any CPU.Build.0 = Debug|Any CPU
		{AA210F2A-5A64-41E9-8637-890843C3A2EF}.Release|Any CPU.ActiveCfg = Release|Any CPU
		{AA210F2A-5A64-41E9-8637-890843C3A2EF}.Release|Any CPU.Build.0 = Release|Any CPU
	EndGlobalSection
	GlobalSection(SolutionProperties) = preSolution
		HideSolutionNode = FALSE
	EndGlobalSection
	GlobalSection(ExtensibilityGlobals) = postSolution
		SolutionGuid = {6654B320-6352-4FE1-A400-C49BBEA46C8E}
	EndGlobalSection
EndGlobal
