
Microsoft Visual Studio Solution File, Format Version 12.00
# Visual Studio Version 16
VisualStudioVersion = 16.0.31729.503
MinimumVisualStudioVersion = 10.0.40219.1
Project("{9A19103F-16F7-4668-BE54-9A1E7A4F7556}") = "VsEatMVC", "VsEatMVC.csproj", "{0CF30483-BAA4-4CB1-AB53-9AF909FA15F0}"
EndProject
Project("{9A19103F-16F7-4668-BE54-9A1E7A4F7556}") = "DTO", "..\..\..\Desktop\School-material\Software_dev\VSeat\VSeat\DTO\DTO.csproj", "{A1E26DD5-E6BD-4A5D-AA5F-F784EBA09D43}"
EndProject
Project("{9A19103F-16F7-4668-BE54-9A1E7A4F7556}") = "DAL", "..\..\..\Desktop\School-material\Software_dev\VSeat\VSeat\DAL\DAL.csproj", "{8D61DB86-5E54-4C60-B16B-130FBBED7498}"
EndProject
Project("{9A19103F-16F7-4668-BE54-9A1E7A4F7556}") = "BLL", "..\..\..\Desktop\School-material\Software_dev\VSeat\VSeat\BLL\BLL.csproj", "{6B8CF2BD-3D3C-4376-A835-989040CE1FCF}"
EndProject
Global
	GlobalSection(SolutionConfigurationPlatforms) = preSolution
		Debug|Any CPU = Debug|Any CPU
		Release|Any CPU = Release|Any CPU
	EndGlobalSection
	GlobalSection(ProjectConfigurationPlatforms) = postSolution
		{0CF30483-BAA4-4CB1-AB53-9AF909FA15F0}.Debug|Any CPU.ActiveCfg = Debug|Any CPU
		{0CF30483-BAA4-4CB1-AB53-9AF909FA15F0}.Debug|Any CPU.Build.0 = Debug|Any CPU
		{0CF30483-BAA4-4CB1-AB53-9AF909FA15F0}.Release|Any CPU.ActiveCfg = Release|Any CPU
		{0CF30483-BAA4-4CB1-AB53-9AF909FA15F0}.Release|Any CPU.Build.0 = Release|Any CPU
		{A1E26DD5-E6BD-4A5D-AA5F-F784EBA09D43}.Debug|Any CPU.ActiveCfg = Debug|Any CPU
		{A1E26DD5-E6BD-4A5D-AA5F-F784EBA09D43}.Debug|Any CPU.Build.0 = Debug|Any CPU
		{A1E26DD5-E6BD-4A5D-AA5F-F784EBA09D43}.Release|Any CPU.ActiveCfg = Release|Any CPU
		{A1E26DD5-E6BD-4A5D-AA5F-F784EBA09D43}.Release|Any CPU.Build.0 = Release|Any CPU
		{8D61DB86-5E54-4C60-B16B-130FBBED7498}.Debug|Any CPU.ActiveCfg = Debug|Any CPU
		{8D61DB86-5E54-4C60-B16B-130FBBED7498}.Debug|Any CPU.Build.0 = Debug|Any CPU
		{8D61DB86-5E54-4C60-B16B-130FBBED7498}.Release|Any CPU.ActiveCfg = Release|Any CPU
		{8D61DB86-5E54-4C60-B16B-130FBBED7498}.Release|Any CPU.Build.0 = Release|Any CPU
		{6B8CF2BD-3D3C-4376-A835-989040CE1FCF}.Debug|Any CPU.ActiveCfg = Debug|Any CPU
		{6B8CF2BD-3D3C-4376-A835-989040CE1FCF}.Debug|Any CPU.Build.0 = Debug|Any CPU
		{6B8CF2BD-3D3C-4376-A835-989040CE1FCF}.Release|Any CPU.ActiveCfg = Release|Any CPU
		{6B8CF2BD-3D3C-4376-A835-989040CE1FCF}.Release|Any CPU.Build.0 = Release|Any CPU
	EndGlobalSection
	GlobalSection(SolutionProperties) = preSolution
		HideSolutionNode = FALSE
	EndGlobalSection
	GlobalSection(ExtensibilityGlobals) = postSolution
		SolutionGuid = {88CFE3E4-C0AB-4416-AE26-DA4D7FE2F085}
	EndGlobalSection
EndGlobal
